
Microsoft Visual Studio Solution File, Format Version 10.00
# Visual Studio 2008
Project("{8BC9CEB8-8B4A-11D0-8D11-00A0C91BC942}") = "LienThong", "LienThong\LienThong.vcproj", "{AD683A05-48A5-47DE-9F03-0D928B9028E7}"
EndProject
Global
	GlobalSection(SolutionConfigurationPlatforms) = preSolution
		Debug|Win32 = Debug|Win32
		Release|Win32 = Release|Win32
	EndGlobalSection
	GlobalSection(ProjectConfigurationPlatforms) = postSolution
		{AD683A05-48A5-47DE-9F03-0D928B9028E7}.Debug|Win32.ActiveCfg = Debug|Win32
		{AD683A05-48A5-47DE-9F03-0D928B9028E7}.Debug|Win32.Build.0 = Debug|Win32
		{AD683A05-48A5-47DE-9F03-0D928B9028E7}.Release|Win32.ActiveCfg = Release|Win32
		{AD683A05-48A5-47DE-9F03-0D928B9028E7}.Release|Win32.Build.0 = Release|Win32
	EndGlobalSection
	GlobalSection(SolutionProperties) = preSolution
		HideSolutionNode = FALSE
	EndGlobalSection
EndGlobal
